// !$*UTF8*$!
{
	archiveVersion = 1;
	classes = {
	};
	objectVersion = 50;
	objects = {

/* Begin PBXBuildFile section */
		88374D16219DFFDF0062A3A2 /* AppDelegate.swift in Sources */ = {isa = PBXBuildFile; fileRef = 88374D15219DFFDF0062A3A2 /* AppDelegate.swift */; };
		88374D18219DFFDF0062A3A2 /* ViewController.swift in Sources */ = {isa = PBXBuildFile; fileRef = 88374D17219DFFDF0062A3A2 /* ViewController.swift */; };
		88374D1B219DFFDF0062A3A2 /* Main.storyboard in Resources */ = {isa = PBXBuildFile; fileRef = 88374D19219DFFDF0062A3A2 /* Main.storyboard */; };
		88374D1E219DFFDF0062A3A2 /* IOSTestUSATVshows.xcdatamodeld in Sources */ = {isa = PBXBuildFile; fileRef = 88374D1C219DFFDF0062A3A2 /* IOSTestUSATVshows.xcdatamodeld */; };
		88374D20219DFFE00062A3A2 /* Assets.xcassets in Resources */ = {isa = PBXBuildFile; fileRef = 88374D1F219DFFE00062A3A2 /* Assets.xcassets */; };
		88374D23219DFFE00062A3A2 /* LaunchScreen.storyboard in Resources */ = {isa = PBXBuildFile; fileRef = 88374D21219DFFE00062A3A2 /* LaunchScreen.storyboard */; };
		88374D2E219DFFE00062A3A2 /* IOSTestUSATVshowsTests.swift in Sources */ = {isa = PBXBuildFile; fileRef = 88374D2D219DFFE00062A3A2 /* IOSTestUSATVshowsTests.swift */; };
		88374D39219DFFE00062A3A2 /* IOSTestUSATVshowsUITests.swift in Sources */ = {isa = PBXBuildFile; fileRef = 88374D38219DFFE00062A3A2 /* IOSTestUSATVshowsUITests.swift */; };
		88374D4B219E03D10062A3A2 /* AddShowsViewController.swift in Sources */ = {isa = PBXBuildFile; fileRef = 88374D4A219E03D10062A3A2 /* AddShowsViewController.swift */; };
		88374D4D219E03EA0062A3A2 /* FavoritesViewController.swift in Sources */ = {isa = PBXBuildFile; fileRef = 88374D4C219E03EA0062A3A2 /* FavoritesViewController.swift */; };
		88374D50219E04010062A3A2 /* FavoritesTableViewCell.swift in Sources */ = {isa = PBXBuildFile; fileRef = 88374D4E219E04010062A3A2 /* FavoritesTableViewCell.swift */; };
		88374D51219E04010062A3A2 /* FavoritesTableViewCell.xib in Resources */ = {isa = PBXBuildFile; fileRef = 88374D4F219E04010062A3A2 /* FavoritesTableViewCell.xib */; };
		88374D53219E041E0062A3A2 /* TVShowsViewController.swift in Sources */ = {isa = PBXBuildFile; fileRef = 88374D52219E041E0062A3A2 /* TVShowsViewController.swift */; };
		88374D56219E04350062A3A2 /* TVShowsTableViewCell.swift in Sources */ = {isa = PBXBuildFile; fileRef = 88374D54219E04350062A3A2 /* TVShowsTableViewCell.swift */; };
		88374D57219E04350062A3A2 /* TVShowsTableViewCell.xib in Resources */ = {isa = PBXBuildFile; fileRef = 88374D55219E04350062A3A2 /* TVShowsTableViewCell.xib */; };
		88374D5A219E04800062A3A2 /* DetailsViewController.swift in Sources */ = {isa = PBXBuildFile; fileRef = 88374D59219E04800062A3A2 /* DetailsViewController.swift */; };
/* End PBXBuildFile section */

/* Begin PBXContainerItemProxy section */
		88374D2A219DFFE00062A3A2 /* PBXContainerItemProxy */ = {
			isa = PBXContainerItemProxy;
			containerPortal = 88374D0A219DFFDF0062A3A2 /* Project object */;
			proxyType = 1;
			remoteGlobalIDString = 88374D11219DFFDF0062A3A2;
			remoteInfo = IOSTestUSATVshows;
		};
		88374D35219DFFE00062A3A2 /* PBXContainerItemProxy */ = {
			isa = PBXContainerItemProxy;
			containerPortal = 88374D0A219DFFDF0062A3A2 /* Project object */;
			proxyType = 1;
			remoteGlobalIDString = 88374D11219DFFDF0062A3A2;
			remoteInfo = IOSTestUSATVshows;
		};
/* End PBXContainerItemProxy section */

/* Begin PBXFileReference section */
		88374D12219DFFDF0062A3A2 /* IOSTestUSATVshows.app */ = {isa = PBXFileReference; explicitFileType = wrapper.application; includeInIndex = 0; path = IOSTestUSATVshows.app; sourceTree = BUILT_PRODUCTS_DIR; };
		88374D15219DFFDF0062A3A2 /* AppDelegate.swift */ = {isa = PBXFileReference; lastKnownFileType = sourcecode.swift; path = AppDelegate.swift; sourceTree = "<group>"; };
		88374D17219DFFDF0062A3A2 /* ViewController.swift */ = {isa = PBXFileReference; lastKnownFileType = sourcecode.swift; path = ViewController.swift; sourceTree = "<group>"; };
		88374D1A219DFFDF0062A3A2 /* Base */ = {isa = PBXFileReference; lastKnownFileType = file.storyboard; name = Base; path = Base.lproj/Main.storyboard; sourceTree = "<group>"; };
		88374D1D219DFFDF0062A3A2 /* IOSTestUSATVshows.xcdatamodel */ = {isa = PBXFileReference; lastKnownFileType = wrapper.xcdatamodel; path = IOSTestUSATVshows.xcdatamodel; sourceTree = "<group>"; };
		88374D1F219DFFE00062A3A2 /* Assets.xcassets */ = {isa = PBXFileReference; lastKnownFileType = folder.assetcatalog; path = Assets.xcassets; sourceTree = "<group>"; };
		88374D22219DFFE00062A3A2 /* Base */ = {isa = PBXFileReference; lastKnownFileType = file.storyboard; name = Base; path = Base.lproj/LaunchScreen.storyboard; sourceTree = "<group>"; };
		88374D24219DFFE00062A3A2 /* Info.plist */ = {isa = PBXFileReference; lastKnownFileType = text.plist.xml; path = Info.plist; sourceTree = "<group>"; };
		88374D29219DFFE00062A3A2 /* IOSTestUSATVshowsTests.xctest */ = {isa = PBXFileReference; explicitFileType = wrapper.cfbundle; includeInIndex = 0; path = IOSTestUSATVshowsTests.xctest; sourceTree = BUILT_PRODUCTS_DIR; };
		88374D2D219DFFE00062A3A2 /* IOSTestUSATVshowsTests.swift */ = {isa = PBXFileReference; lastKnownFileType = sourcecode.swift; path = IOSTestUSATVshowsTests.swift; sourceTree = "<group>"; };
		88374D2F219DFFE00062A3A2 /* Info.plist */ = {isa = PBXFileReference; lastKnownFileType = text.plist.xml; path = Info.plist; sourceTree = "<group>"; };
		88374D34219DFFE00062A3A2 /* IOSTestUSATVshowsUITests.xctest */ = {isa = PBXFileReference; explicitFileType = wrapper.cfbundle; includeInIndex = 0; path = IOSTestUSATVshowsUITests.xctest; sourceTree = BUILT_PRODUCTS_DIR; };
		88374D38219DFFE00062A3A2 /* IOSTestUSATVshowsUITests.swift */ = {isa = PBXFileReference; lastKnownFileType = sourcecode.swift; path = IOSTestUSATVshowsUITests.swift; sourceTree = "<group>"; };
		88374D3A219DFFE00062A3A2 /* Info.plist */ = {isa = PBXFileReference; lastKnownFileType = text.plist.xml; path = Info.plist; sourceTree = "<group>"; };
		88374D4A219E03D10062A3A2 /* AddShowsViewController.swift */ = {isa = PBXFileReference; lastKnownFileType = sourcecode.swift; path = AddShowsViewController.swift; sourceTree = "<group>"; };
		88374D4C219E03EA0062A3A2 /* FavoritesViewController.swift */ = {isa = PBXFileReference; lastKnownFileType = sourcecode.swift; path = FavoritesViewController.swift; sourceTree = "<group>"; };
		88374D4E219E04010062A3A2 /* FavoritesTableViewCell.swift */ = {isa = PBXFileReference; lastKnownFileType = sourcecode.swift; path = FavoritesTableViewCell.swift; sourceTree = "<group>"; };
		88374D4F219E04010062A3A2 /* FavoritesTableViewCell.xib */ = {isa = PBXFileReference; lastKnownFileType = file.xib; path = FavoritesTableViewCell.xib; sourceTree = "<group>"; };
		88374D52219E041E0062A3A2 /* TVShowsViewController.swift */ = {isa = PBXFileReference; lastKnownFileType = sourcecode.swift; path = TVShowsViewController.swift; sourceTree = "<group>"; };
		88374D54219E04350062A3A2 /* TVShowsTableViewCell.swift */ = {isa = PBXFileReference; lastKnownFileType = sourcecode.swift; path = TVShowsTableViewCell.swift; sourceTree = "<group>"; };
		88374D55219E04350062A3A2 /* TVShowsTableViewCell.xib */ = {isa = PBXFileReference; lastKnownFileType = file.xib; path = TVShowsTableViewCell.xib; sourceTree = "<group>"; };
		88374D59219E04800062A3A2 /* DetailsViewController.swift */ = {isa = PBXFileReference; lastKnownFileType = sourcecode.swift; path = DetailsViewController.swift; sourceTree = "<group>"; };
/* End PBXFileReference section */

/* Begin PBXFrameworksBuildPhase section */
		88374D0F219DFFDF0062A3A2 /* Frameworks */ = {
			isa = PBXFrameworksBuildPhase;
			buildActionMask = 2147483647;
			files = (
			);
			runOnlyForDeploymentPostprocessing = 0;
		};
		88374D26219DFFE00062A3A2 /* Frameworks */ = {
			isa = PBXFrameworksBuildPhase;
			buildActionMask = 2147483647;
			files = (
			);
			runOnlyForDeploymentPostprocessing = 0;
		};
		88374D31219DFFE00062A3A2 /* Frameworks */ = {
			isa = PBXFrameworksBuildPhase;
			buildActionMask = 2147483647;
			files = (
			);
			runOnlyForDeploymentPostprocessing = 0;
		};
/* End PBXFrameworksBuildPhase section */

/* Begin PBXGroup section */
		88374D09219DFFDF0062A3A2 = {
			isa = PBXGroup;
			children = (
				88374D14219DFFDF0062A3A2 /* IOSTestUSATVshows */,
				88374D2C219DFFE00062A3A2 /* IOSTestUSATVshowsTests */,
				88374D37219DFFE00062A3A2 /* IOSTestUSATVshowsUITests */,
				88374D13219DFFDF0062A3A2 /* Products */,
			);
			sourceTree = "<group>";
		};
		88374D13219DFFDF0062A3A2 /* Products */ = {
			isa = PBXGroup;
			children = (
				88374D12219DFFDF0062A3A2 /* IOSTestUSATVshows.app */,
				88374D29219DFFE00062A3A2 /* IOSTestUSATVshowsTests.xctest */,
				88374D34219DFFE00062A3A2 /* IOSTestUSATVshowsUITests.xctest */,
			);
			name = Products;
			sourceTree = "<group>";
		};
		88374D14219DFFDF0062A3A2 /* IOSTestUSATVshows */ = {
			isa = PBXGroup;
			children = (
				88374D49219E03090062A3A2 /* Add  TvShows */,
				88374D47219E02FA0062A3A2 /* Favorities */,
				88374D46219E02F60062A3A2 /* TVshows */,
				88374D58219E04600062A3A2 /* Details TvShow */,
				88374D15219DFFDF0062A3A2 /* AppDelegate.swift */,
				88374D17219DFFDF0062A3A2 /* ViewController.swift */,
				88374D19219DFFDF0062A3A2 /* Main.storyboard */,
				88374D1F219DFFE00062A3A2 /* Assets.xcassets */,
				88374D21219DFFE00062A3A2 /* LaunchScreen.storyboard */,
				88374D24219DFFE00062A3A2 /* Info.plist */,
				88374D1C219DFFDF0062A3A2 /* IOSTestUSATVshows.xcdatamodeld */,
			);
			path = IOSTestUSATVshows;
			sourceTree = "<group>";
		};
		88374D2C219DFFE00062A3A2 /* IOSTestUSATVshowsTests */ = {
			isa = PBXGroup;
			children = (
				88374D2D219DFFE00062A3A2 /* IOSTestUSATVshowsTests.swift */,
				88374D2F219DFFE00062A3A2 /* Info.plist */,
			);
			path = IOSTestUSATVshowsTests;
			sourceTree = "<group>";
		};
		88374D37219DFFE00062A3A2 /* IOSTestUSATVshowsUITests */ = {
			isa = PBXGroup;
			children = (
				88374D38219DFFE00062A3A2 /* IOSTestUSATVshowsUITests.swift */,
				88374D3A219DFFE00062A3A2 /* Info.plist */,
			);
			path = IOSTestUSATVshowsUITests;
			sourceTree = "<group>";
		};
		88374D46219E02F60062A3A2 /* TVshows */ = {
			isa = PBXGroup;
			children = (
				88374D52219E041E0062A3A2 /* TVShowsViewController.swift */,
				88374D54219E04350062A3A2 /* TVShowsTableViewCell.swift */,
				88374D55219E04350062A3A2 /* TVShowsTableViewCell.xib */,
			);
			path = TVshows;
			sourceTree = "<group>";
		};
		88374D47219E02FA0062A3A2 /* Favorities */ = {
			isa = PBXGroup;
			children = (
				88374D4C219E03EA0062A3A2 /* FavoritesViewController.swift */,
				88374D4E219E04010062A3A2 /* FavoritesTableViewCell.swift */,
				88374D4F219E04010062A3A2 /* FavoritesTableViewCell.xib */,
			);
			path = Favorities;
			sourceTree = "<group>";
		};
		88374D49219E03090062A3A2 /* Add  TvShows */ = {
			isa = PBXGroup;
			children = (
				88374D4A219E03D10062A3A2 /* AddShowsViewController.swift */,
			);
			path = "Add  TvShows";
			sourceTree = "<group>";
		};
		88374D58219E04600062A3A2 /* Details TvShow */ = {
			isa = PBXGroup;
			children = (
				88374D59219E04800062A3A2 /* DetailsViewController.swift */,
			);
			path = "Details TvShow";
			sourceTree = "<group>";
		};
/* End PBXGroup section */

/* Begin PBXNativeTarget section */
		88374D11219DFFDF0062A3A2 /* IOSTestUSATVshows */ = {
			isa = PBXNativeTarget;
			buildConfigurationList = 88374D3D219DFFE00062A3A2 /* Build configuration list for PBXNativeTarget "IOSTestUSATVshows" */;
			buildPhases = (
				88374D0E219DFFDF0062A3A2 /* Sources */,
				88374D0F219DFFDF0062A3A2 /* Frameworks */,
				88374D10219DFFDF0062A3A2 /* Resources */,
			);
			buildRules = (
			);
			dependencies = (
			);
			name = IOSTestUSATVshows;
			productName = IOSTestUSATVshows;
			productReference = 88374D12219DFFDF0062A3A2 /* IOSTestUSATVshows.app */;
			productType = "com.apple.product-type.application";
		};
		88374D28219DFFE00062A3A2 /* IOSTestUSATVshowsTests */ = {
			isa = PBXNativeTarget;
			buildConfigurationList = 88374D40219DFFE00062A3A2 /* Build configuration list for PBXNativeTarget "IOSTestUSATVshowsTests" */;
			buildPhases = (
				88374D25219DFFE00062A3A2 /* Sources */,
				88374D26219DFFE00062A3A2 /* Frameworks */,
				88374D27219DFFE00062A3A2 /* Resources */,
			);
			buildRules = (
			);
			dependencies = (
				88374D2B219DFFE00062A3A2 /* PBXTargetDependency */,
			);
			name = IOSTestUSATVshowsTests;
			productName = IOSTestUSATVshowsTests;
			productReference = 88374D29219DFFE00062A3A2 /* IOSTestUSATVshowsTests.xctest */;
			productType = "com.apple.product-type.bundle.unit-test";
		};
		88374D33219DFFE00062A3A2 /* IOSTestUSATVshowsUITests */ = {
			isa = PBXNativeTarget;
			buildConfigurationList = 88374D43219DFFE00062A3A2 /* Build configuration list for PBXNativeTarget "IOSTestUSATVshowsUITests" */;
			buildPhases = (
				88374D30219DFFE00062A3A2 /* Sources */,
				88374D31219DFFE00062A3A2 /* Frameworks */,
				88374D32219DFFE00062A3A2 /* Resources */,
			);
			buildRules = (
			);
			dependencies = (
				88374D36219DFFE00062A3A2 /* PBXTargetDependency */,
			);
			name = IOSTestUSATVshowsUITests;
			productName = IOSTestUSATVshowsUITests;
			productReference = 88374D34219DFFE00062A3A2 /* IOSTestUSATVshowsUITests.xctest */;
			productType = "com.apple.product-type.bundle.ui-testing";
		};
/* End PBXNativeTarget section */

/* Begin PBXProject section */
		88374D0A219DFFDF0062A3A2 /* Project object */ = {
			isa = PBXProject;
			attributes = {
				LastSwiftUpdateCheck = 1010;
				LastUpgradeCheck = 1010;
				ORGANIZATIONNAME = "Jose González";
				TargetAttributes = {
					88374D11219DFFDF0062A3A2 = {
						CreatedOnToolsVersion = 10.1;
					};
					88374D28219DFFE00062A3A2 = {
						CreatedOnToolsVersion = 10.1;
						TestTargetID = 88374D11219DFFDF0062A3A2;
					};
					88374D33219DFFE00062A3A2 = {
						CreatedOnToolsVersion = 10.1;
						TestTargetID = 88374D11219DFFDF0062A3A2;
					};
				};
			};
			buildConfigurationList = 88374D0D219DFFDF0062A3A2 /* Build configuration list for PBXProject "IOSTestUSATVshows" */;
			compatibilityVersion = "Xcode 9.3";
			developmentRegion = en;
			hasScannedForEncodings = 0;
			knownRegions = (
				en,
				Base,
			);
			mainGroup = 88374D09219DFFDF0062A3A2;
			productRefGroup = 88374D13219DFFDF0062A3A2 /* Products */;
			projectDirPath = "";
			projectRoot = "";
			targets = (
				88374D11219DFFDF0062A3A2 /* IOSTestUSATVshows */,
				88374D28219DFFE00062A3A2 /* IOSTestUSATVshowsTests */,
				88374D33219DFFE00062A3A2 /* IOSTestUSATVshowsUITests */,
			);
		};
/* End PBXProject section */

/* Begin PBXResourcesBuildPhase section */
		88374D10219DFFDF0062A3A2 /* Resources */ = {
			isa = PBXResourcesBuildPhase;
			buildActionMask = 2147483647;
			files = (
				88374D23219DFFE00062A3A2 /* LaunchScreen.storyboard in Resources */,
				88374D57219E04350062A3A2 /* TVShowsTableViewCell.xib in Resources */,
				88374D51219E04010062A3A2 /* FavoritesTableViewCell.xib in Resources */,
				88374D20219DFFE00062A3A2 /* Assets.xcassets in Resources */,
				88374D1B219DFFDF0062A3A2 /* Main.storyboard in Resources */,
			);
			runOnlyForDeploymentPostprocessing = 0;
		};
		88374D27219DFFE00062A3A2 /* Resources */ = {
			isa = PBXResourcesBuildPhase;
			buildActionMask = 2147483647;
			files = (
			);
			runOnlyForDeploymentPostprocessing = 0;
		};
		88374D32219DFFE00062A3A2 /* Resources */ = {
			isa = PBXResourcesBuildPhase;
			buildActionMask = 2147483647;
			files = (
			);
			runOnlyForDeploymentPostprocessing = 0;
		};
/* End PBXResourcesBuildPhase section */

/* Begin PBXSourcesBuildPhase section */
		88374D0E219DFFDF0062A3A2 /* Sources */ = {
			isa = PBXSourcesBuildPhase;
			buildActionMask = 2147483647;
			files = (
				88374D18219DFFDF0062A3A2 /* ViewController.swift in Sources */,
				88374D50219E04010062A3A2 /* FavoritesTableViewCell.swift in Sources */,
				88374D5A219E04800062A3A2 /* DetailsViewController.swift in Sources */,
				88374D1E219DFFDF0062A3A2 /* IOSTestUSATVshows.xcdatamodeld in Sources */,
				88374D16219DFFDF0062A3A2 /* AppDelegate.swift in Sources */,
				88374D4D219E03EA0062A3A2 /* FavoritesViewController.swift in Sources */,
				88374D53219E041E0062A3A2 /* TVShowsViewController.swift in Sources */,
				88374D56219E04350062A3A2 /* TVShowsTableViewCell.swift in Sources */,
				88374D4B219E03D10062A3A2 /* AddShowsViewController.swift in Sources */,
			);
			runOnlyForDeploymentPostprocessing = 0;
		};
		88374D25219DFFE00062A3A2 /* Sources */ = {
			isa = PBXSourcesBuildPhase;
			buildActionMask = 2147483647;
			files = (
				88374D2E219DFFE00062A3A2 /* IOSTestUSATVshowsTests.swift in Sources */,
			);
			runOnlyForDeploymentPostprocessing = 0;
		};
		88374D30219DFFE00062A3A2 /* Sources */ = {
			isa = PBXSourcesBuildPhase;
			buildActionMask = 2147483647;
			files = (
				88374D39219DFFE00062A3A2 /* IOSTestUSATVshowsUITests.swift in Sources */,
			);
			runOnlyForDeploymentPostprocessing = 0;
		};
/* End PBXSourcesBuildPhase section */

/* Begin PBXTargetDependency section */
		88374D2B219DFFE00062A3A2 /* PBXTargetDependency */ = {
			isa = PBXTargetDependency;
			target = 88374D11219DFFDF0062A3A2 /* IOSTestUSATVshows */;
			targetProxy = 88374D2A219DFFE00062A3A2 /* PBXContainerItemProxy */;
		};
		88374D36219DFFE00062A3A2 /* PBXTargetDependency */ = {
			isa = PBXTargetDependency;
			target = 88374D11219DFFDF0062A3A2 /* IOSTestUSATVshows */;
			targetProxy = 88374D35219DFFE00062A3A2 /* PBXContainerItemProxy */;
		};
/* End PBXTargetDependency section */

/* Begin PBXVariantGroup section */
		88374D19219DFFDF0062A3A2 /* Main.storyboard */ = {
			isa = PBXVariantGroup;
			children = (
				88374D1A219DFFDF0062A3A2 /* Base */,
			);
			name = Main.storyboard;
			sourceTree = "<group>";
		};
		88374D21219DFFE00062A3A2 /* LaunchScreen.storyboard */ = {
			isa = PBXVariantGroup;
			children = (
				88374D22219DFFE00062A3A2 /* Base */,
			);
			name = LaunchScreen.storyboard;
			sourceTree = "<group>";
		};
/* End PBXVariantGroup section */

/* Begin XCBuildConfiguration section */
		88374D3B219DFFE00062A3A2 /* Debug */ = {
			isa = XCBuildConfiguration;
			buildSettings = {
				ALWAYS_SEARCH_USER_PATHS = NO;
				CLANG_ANALYZER_NONNULL = YES;
				CLANG_ANALYZER_NUMBER_OBJECT_CONVERSION = YES_AGGRESSIVE;
				CLANG_CXX_LANGUAGE_STANDARD = "gnu++14";
				CLANG_CXX_LIBRARY = "libc++";
				CLANG_ENABLE_MODULES = YES;
				CLANG_ENABLE_OBJC_ARC = YES;
				CLANG_ENABLE_OBJC_WEAK = YES;
				CLANG_WARN_BLOCK_CAPTURE_AUTORELEASING = YES;
				CLANG_WARN_BOOL_CONVERSION = YES;
				CLANG_WARN_COMMA = YES;
				CLANG_WARN_CONSTANT_CONVERSION = YES;
				CLANG_WARN_DEPRECATED_OBJC_IMPLEMENTATIONS = YES;
				CLANG_WARN_DIRECT_OBJC_ISA_USAGE = YES_ERROR;
				CLANG_WARN_DOCUMENTATION_COMMENTS = YES;
				CLANG_WARN_EMPTY_BODY = YES;
				CLANG_WARN_ENUM_CONVERSION = YES;
				CLANG_WARN_INFINITE_RECURSION = YES;
				CLANG_WARN_INT_CONVERSION = YES;
				CLANG_WARN_NON_LITERAL_NULL_CONVERSION = YES;
				CLANG_WARN_OBJC_IMPLICIT_RETAIN_SELF = YES;
				CLANG_WARN_OBJC_LITERAL_CONVERSION = YES;
				CLANG_WARN_OBJC_ROOT_CLASS = YES_ERROR;
				CLANG_WARN_RANGE_LOOP_ANALYSIS = YES;
				CLANG_WARN_STRICT_PROTOTYPES = YES;
				CLANG_WARN_SUSPICIOUS_MOVE = YES;
				CLANG_WARN_UNGUARDED_AVAILABILITY = YES_AGGRESSIVE;
				CLANG_WARN_UNREACHABLE_CODE = YES;
				CLANG_WARN__DUPLICATE_METHOD_MATCH = YES;
				CODE_SIGN_IDENTITY = "iPhone Developer";
				COPY_PHASE_STRIP = NO;
				DEBUG_INFORMATION_FORMAT = dwarf;
				ENABLE_STRICT_OBJC_MSGSEND = YES;
				ENABLE_TESTABILITY = YES;
				GCC_C_LANGUAGE_STANDARD = gnu11;
				GCC_DYNAMIC_NO_PIC = NO;
				GCC_NO_COMMON_BLOCKS = YES;
				GCC_OPTIMIZATION_LEVEL = 0;
				GCC_PREPROCESSOR_DEFINITIONS = (
					"DEBUG=1",
					"$(inherited)",
				);
				GCC_WARN_64_TO_32_BIT_CONVERSION = YES;
				GCC_WARN_ABOUT_RETURN_TYPE = YES_ERROR;
				GCC_WARN_UNDECLARED_SELECTOR = YES;
				GCC_WARN_UNINITIALIZED_AUTOS = YES_AGGRESSIVE;
				GCC_WARN_UNUSED_FUNCTION = YES;
				GCC_WARN_UNUSED_VARIABLE = YES;
				IPHONEOS_DEPLOYMENT_TARGET = 12.1;
				MTL_ENABLE_DEBUG_INFO = INCLUDE_SOURCE;
				MTL_FAST_MATH = YES;
				ONLY_ACTIVE_ARCH = YES;
				SDKROOT = iphoneos;
				SWIFT_ACTIVE_COMPILATION_CONDITIONS = DEBUG;
				SWIFT_OPTIMIZATION_LEVEL = "-Onone";
			};
			name = Debug;
		};
		88374D3C219DFFE00062A3A2 /* Release */ = {
			isa = XCBuildConfiguration;
			buildSettings = {
				ALWAYS_SEARCH_USER_PATHS = NO;
				CLANG_ANALYZER_NONNULL = YES;
				CLANG_ANALYZER_NUMBER_OBJECT_CONVERSION = YES_AGGRESSIVE;
				CLANG_CXX_LANGUAGE_STANDARD = "gnu++14";
				CLANG_CXX_LIBRARY = "libc++";
				CLANG_ENABLE_MODULES = YES;
				CLANG_ENABLE_OBJC_ARC = YES;
				CLANG_ENABLE_OBJC_WEAK = YES;
				CLANG_WARN_BLOCK_CAPTURE_AUTORELEASING = YES;
				CLANG_WARN_BOOL_CONVERSION = YES;
				CLANG_WARN_COMMA = YES;
				CLANG_WARN_CONSTANT_CONVERSION = YES;
				CLANG_WARN_DEPRECATED_OBJC_IMPLEMENTATIONS = YES;
				CLANG_WARN_DIRECT_OBJC_ISA_USAGE = YES_ERROR;
				CLANG_WARN_DOCUMENTATION_COMMENTS = YES;
				CLANG_WARN_EMPTY_BODY = YES;
				CLANG_WARN_ENUM_CONVERSION = YES;
				CLANG_WARN_INFINITE_RECURSION = YES;
				CLANG_WARN_INT_CONVERSION = YES;
				CLANG_WARN_NON_LITERAL_NULL_CONVERSION = YES;
				CLANG_WARN_OBJC_IMPLICIT_RETAIN_SELF = YES;
				CLANG_WARN_OBJC_LITERAL_CONVERSION = YES;
				CLANG_WARN_OBJC_ROOT_CLASS = YES_ERROR;
				CLANG_WARN_RANGE_LOOP_ANALYSIS = YES;
				CLANG_WARN_STRICT_PROTOTYPES = YES;
				CLANG_WARN_SUSPICIOUS_MOVE = YES;
				CLANG_WARN_UNGUARDED_AVAILABILITY = YES_AGGRESSIVE;
				CLANG_WARN_UNREACHABLE_CODE = YES;
				CLANG_WARN__DUPLICATE_METHOD_MATCH = YES;
				CODE_SIGN_IDENTITY = "iPhone Developer";
				COPY_PHASE_STRIP = NO;
				DEBUG_INFORMATION_FORMAT = "dwarf-with-dsym";
				ENABLE_NS_ASSERTIONS = NO;
				ENABLE_STRICT_OBJC_MSGSEND = YES;
				GCC_C_LANGUAGE_STANDARD = gnu11;
				GCC_NO_COMMON_BLOCKS = YES;
				GCC_WARN_64_TO_32_BIT_CONVERSION = YES;
				GCC_WARN_ABOUT_RETURN_TYPE = YES_ERROR;
				GCC_WARN_UNDECLARED_SELECTOR = YES;
				GCC_WARN_UNINITIALIZED_AUTOS = YES_AGGRESSIVE;
				GCC_WARN_UNUSED_FUNCTION = YES;
				GCC_WARN_UNUSED_VARIABLE = YES;
				IPHONEOS_DEPLOYMENT_TARGET = 12.1;
				MTL_ENABLE_DEBUG_INFO = NO;
				MTL_FAST_MATH = YES;
				SDKROOT = iphoneos;
				SWIFT_COMPILATION_MODE = wholemodule;
				SWIFT_OPTIMIZATION_LEVEL = "-O";
				VALIDATE_PRODUCT = YES;
			};
			name = Release;
		};
		88374D3E219DFFE00062A3A2 /* Debug */ = {
			isa = XCBuildConfiguration;
			buildSettings = {
				ASSETCATALOG_COMPILER_APPICON_NAME = AppIcon;
				CODE_SIGN_STYLE = Automatic;
				INFOPLIST_FILE = IOSTestUSATVshows/Info.plist;
				LD_RUNPATH_SEARCH_PATHS = (
					"$(inherited)",
					"@executable_path/Frameworks",
				);
				PRODUCT_BUNDLE_IDENTIFIER = Gonet.IOSTestUSATVshows;
				PRODUCT_NAME = "$(TARGET_NAME)";
				SWIFT_VERSION = 4.2;
				TARGETED_DEVICE_FAMILY = "1,2";
			};
			name = Debug;
		};
		88374D3F219DFFE00062A3A2 /* Release */ = {
			isa = XCBuildConfiguration;
			buildSettings = {
				ASSETCATALOG_COMPILER_APPICON_NAME = AppIcon;
				CODE_SIGN_STYLE = Automatic;
				INFOPLIST_FILE = IOSTestUSATVshows/Info.plist;
				LD_RUNPATH_SEARCH_PATHS = (
					"$(inherited)",
					"@executable_path/Frameworks",
				);
				PRODUCT_BUNDLE_IDENTIFIER = Gonet.IOSTestUSATVshows;
				PRODUCT_NAME = "$(TARGET_NAME)";
				SWIFT_VERSION = 4.2;
				TARGETED_DEVICE_FAMILY = "1,2";
			};
			name = Release;
		};
		88374D41219DFFE00062A3A2 /* Debug */ = {
			isa = XCBuildConfiguration;
			buildSettings = {
				ALWAYS_EMBED_SWIFT_STANDARD_LIBRARIES = YES;
				BUNDLE_LOADER = "$(TEST_HOST)";
				CODE_SIGN_STYLE = Automatic;
				INFOPLIST_FILE = IOSTestUSATVshowsTests/Info.plist;
				LD_RUNPATH_SEARCH_PATHS = (
					"$(inherited)",
					"@executable_path/Frameworks",
					"@loader_path/Frameworks",
				);
				PRODUCT_BUNDLE_IDENTIFIER = Gonet.IOSTestUSATVshowsTests;
				PRODUCT_NAME = "$(TARGET_NAME)";
				SWIFT_VERSION = 4.2;
				TARGETED_DEVICE_FAMILY = "1,2";
				TEST_HOST = "$(BUILT_PRODUCTS_DIR)/IOSTestUSATVshows.app/IOSTestUSATVshows";
			};
			name = Debug;
		};
		88374D42219DFFE00062A3A2 /* Release */ = {
			isa = XCBuildConfiguration;
			buildSettings = {
				ALWAYS_EMBED_SWIFT_STANDARD_LIBRARIES = YES;
				BUNDLE_LOADER = "$(TEST_HOST)";
				CODE_SIGN_STYLE = Automatic;
				INFOPLIST_FILE = IOSTestUSATVshowsTests/Info.plist;
				LD_RUNPATH_SEARCH_PATHS = (
					"$(inherited)",
					"@executable_path/Frameworks",
					"@loader_path/Frameworks",
				);
				PRODUCT_BUNDLE_IDENTIFIER = Gonet.IOSTestUSATVshowsTests;
				PRODUCT_NAME = "$(TARGET_NAME)";
				SWIFT_VERSION = 4.2;
				TARGETED_DEVICE_FAMILY = "1,2";
				TEST_HOST = "$(BUILT_PRODUCTS_DIR)/IOSTestUSATVshows.app/IOSTestUSATVshows";
			};
			name = Release;
		};
		88374D44219DFFE00062A3A2 /* Debug */ = {
			isa = XCBuildConfiguration;
			buildSettings = {
				ALWAYS_EMBED_SWIFT_STANDARD_LIBRARIES = YES;
				CODE_SIGN_STYLE = Automatic;
				INFOPLIST_FILE = IOSTestUSATVshowsUITests/Info.plist;
				LD_RUNPATH_SEARCH_PATHS = (
					"$(inherited)",
					"@executable_path/Frameworks",
					"@loader_path/Frameworks",
				);
				PRODUCT_BUNDLE_IDENTIFIER = Gonet.IOSTestUSATVshowsUITests;
				PRODUCT_NAME = "$(TARGET_NAME)";
				SWIFT_VERSION = 4.2;
				TARGETED_DEVICE_FAMILY = "1,2";
				TEST_TARGET_NAME = IOSTestUSATVshows;
			};
			name = Debug;
		};
		88374D45219DFFE00062A3A2 /* Release */ = {
			isa = XCBuildConfiguration;
			buildSettings = {
				ALWAYS_EMBED_SWIFT_STANDARD_LIBRARIES = YES;
				CODE_SIGN_STYLE = Automatic;
				INFOPLIST_FILE = IOSTestUSATVshowsUITests/Info.plist;
				LD_RUNPATH_SEARCH_PATHS = (
					"$(inherited)",
					"@executable_path/Frameworks",
					"@loader_path/Frameworks",
				);
				PRODUCT_BUNDLE_IDENTIFIER = Gonet.IOSTestUSATVshowsUITests;
				PRODUCT_NAME = "$(TARGET_NAME)";
				SWIFT_VERSION = 4.2;
				TARGETED_DEVICE_FAMILY = "1,2";
				TEST_TARGET_NAME = IOSTestUSATVshows;
			};
			name = Release;
		};
/* End XCBuildConfiguration section */

/* Begin XCConfigurationList section */
		88374D0D219DFFDF0062A3A2 /* Build configuration list for PBXProject "IOSTestUSATVshows" */ = {
			isa = XCConfigurationList;
			buildConfigurations = (
				88374D3B219DFFE00062A3A2 /* Debug */,
				88374D3C219DFFE00062A3A2 /* Release */,
			);
			defaultConfigurationIsVisible = 0;
			defaultConfigurationName = Release;
		};
		88374D3D219DFFE00062A3A2 /* Build configuration list for PBXNativeTarget "IOSTestUSATVshows" */ = {
			isa = XCConfigurationList;
			buildConfigurations = (
				88374D3E219DFFE00062A3A2 /* Debug */,
				88374D3F219DFFE00062A3A2 /* Release */,
			);
			defaultConfigurationIsVisible = 0;
			defaultConfigurationName = Release;
		};
		88374D40219DFFE00062A3A2 /* Build configuration list for PBXNativeTarget "IOSTestUSATVshowsTests" */ = {
			isa = XCConfigurationList;
			buildConfigurations = (
				88374D41219DFFE00062A3A2 /* Debug */,
				88374D42219DFFE00062A3A2 /* Release */,
			);
			defaultConfigurationIsVisible = 0;
			defaultConfigurationName = Release;
		};
		88374D43219DFFE00062A3A2 /* Build configuration list for PBXNativeTarget "IOSTestUSATVshowsUITests" */ = {
			isa = XCConfigurationList;
			buildConfigurations = (
				88374D44219DFFE00062A3A2 /* Debug */,
				88374D45219DFFE00062A3A2 /* Release */,
			);
			defaultConfigurationIsVisible = 0;
			defaultConfigurationName = Release;
		};
/* End XCConfigurationList section */

/* Begin XCVersionGroup section */
		88374D1C219DFFDF0062A3A2 /* IOSTestUSATVshows.xcdatamodeld */ = {
			isa = XCVersionGroup;
			children = (
				88374D1D219DFFDF0062A3A2 /* IOSTestUSATVshows.xcdatamodel */,
			);
			currentVersion = 88374D1D219DFFDF0062A3A2 /* IOSTestUSATVshows.xcdatamodel */;
			path = IOSTestUSATVshows.xcdatamodeld;
			sourceTree = "<group>";
			versionGroupType = wrapper.xcdatamodel;
		};
/* End XCVersionGroup section */
	};
	rootObject = 88374D0A219DFFDF0062A3A2 /* Project object */;
}
